# This file is automatically @generated by Wally.
# It is not intended for manual editing.
registry = "test"

[[package]]
name = "csqrl/sift"
version = "0.0.11"
dependencies = []

[[package]]
name = "raphtalia/class"
version = "1.0.2"
dependencies = []

[[package]]
name = "vq9o/knightremotes"
version = "2.0.0"
dependencies = [["class", "raphtalia/class@1.0.2"], ["sift", "csqrl/sift@0.0.11"]]
